
Microsoft Visual Studio Solution File, Format Version 12.00
# Visual Studio Version 17
VisualStudioVersion = 17.1.32328.378
MinimumVisualStudioVersion = 10.0.40219.1
Project("{FAE04EC0-301F-11D3-BF4B-00C04F79EFBC}") = "ZengShihao-0706AllLabApp", "ZengShihao-0706AllLabApp\ZengShihao-0706AllLabApp.csproj", "{7C2AA428-19FB-4B71-B932-C97666B174F1}"
EndProject
Project("{FAE04EC0-301F-11D3-BF4B-00C04F79EFBC}") = "LabAss2", "LabAss2\LabAss2.csproj", "{839A8178-9A2A-43AB-9D06-C1AF0D6646ED}"
EndProject
Global
	GlobalSection(SolutionConfigurationPlatforms) = preSolution
		Debug|Any CPU = Debug|Any CPU
		Release|Any CPU = Release|Any CPU
	EndGlobalSection
	GlobalSection(ProjectConfigurationPlatforms) = postSolution
		{7C2AA428-19FB-4B71-B932-C97666B174F1}.Debug|Any CPU.ActiveCfg = Debug|Any CPU
		{7C2AA428-19FB-4B71-B932-C97666B174F1}.Debug|Any CPU.Build.0 = Debug|Any CPU
		{7C2AA428-19FB-4B71-B932-C97666B174F1}.Release|Any CPU.ActiveCfg = Release|Any CPU
		{7C2AA428-19FB-4B71-B932-C97666B174F1}.Release|Any CPU.Build.0 = Release|Any CPU
		{839A8178-9A2A-43AB-9D06-C1AF0D6646ED}.Debug|Any CPU.ActiveCfg = Debug|Any CPU
		{839A8178-9A2A-43AB-9D06-C1AF0D6646ED}.Debug|Any CPU.Build.0 = Debug|Any CPU
		{839A8178-9A2A-43AB-9D06-C1AF0D6646ED}.Release|Any CPU.ActiveCfg = Release|Any CPU
		{839A8178-9A2A-43AB-9D06-C1AF0D6646ED}.Release|Any CPU.Build.0 = Release|Any CPU
	EndGlobalSection
	GlobalSection(SolutionProperties) = preSolution
		HideSolutionNode = FALSE
	EndGlobalSection
	GlobalSection(ExtensibilityGlobals) = postSolution
		SolutionGuid = {4FE979DF-6F9C-4B30-ACC0-6788F6667594}
	EndGlobalSection
EndGlobal
